
Microsoft Visual Studio Solution File, Format Version 12.00
# Visual Studio Version 17
VisualStudioVersion = 17.4.33205.214
MinimumVisualStudioVersion = 10.0.40219.1
Project("{FAE04EC0-301F-11D3-BF4B-00C04F79EFBC}") = "TPNivel3", "TPNivel3\TPNivel3.csproj", "{1DE9D206-5A04-47BC-ACB1-C3F2FA1EFC7E}"
EndProject
Project("{FAE04EC0-301F-11D3-BF4B-00C04F79EFBC}") = "dominio", "dominio\dominio.csproj", "{F36C7407-B054-4B70-9894-FF3CF2FAF952}"
EndProject
Project("{FAE04EC0-301F-11D3-BF4B-00C04F79EFBC}") = "negocio", "negocio\negocio.csproj", "{7DCD398E-982E-4977-8004-E2BBDD4D73EA}"
EndProject
Global
	GlobalSection(SolutionConfigurationPlatforms) = preSolution
		Debug|Any CPU = Debug|Any CPU
		Release|Any CPU = Release|Any CPU
	EndGlobalSection
	GlobalSection(ProjectConfigurationPlatforms) = postSolution
		{1DE9D206-5A04-47BC-ACB1-C3F2FA1EFC7E}.Debug|Any CPU.ActiveCfg = Debug|Any CPU
		{1DE9D206-5A04-47BC-ACB1-C3F2FA1EFC7E}.Debug|Any CPU.Build.0 = Debug|Any CPU
		{1DE9D206-5A04-47BC-ACB1-C3F2FA1EFC7E}.Release|Any CPU.ActiveCfg = Release|Any CPU
		{1DE9D206-5A04-47BC-ACB1-C3F2FA1EFC7E}.Release|Any CPU.Build.0 = Release|Any CPU
		{F36C7407-B054-4B70-9894-FF3CF2FAF952}.Debug|Any CPU.ActiveCfg = Debug|Any CPU
		{F36C7407-B054-4B70-9894-FF3CF2FAF952}.Debug|Any CPU.Build.0 = Debug|Any CPU
		{F36C7407-B054-4B70-9894-FF3CF2FAF952}.Release|Any CPU.ActiveCfg = Release|Any CPU
		{F36C7407-B054-4B70-9894-FF3CF2FAF952}.Release|Any CPU.Build.0 = Release|Any CPU
		{7DCD398E-982E-4977-8004-E2BBDD4D73EA}.Debug|Any CPU.ActiveCfg = Debug|Any CPU
		{7DCD398E-982E-4977-8004-E2BBDD4D73EA}.Debug|Any CPU.Build.0 = Debug|Any CPU
		{7DCD398E-982E-4977-8004-E2BBDD4D73EA}.Release|Any CPU.ActiveCfg = Release|Any CPU
		{7DCD398E-982E-4977-8004-E2BBDD4D73EA}.Release|Any CPU.Build.0 = Release|Any CPU
	EndGlobalSection
	GlobalSection(SolutionProperties) = preSolution
		HideSolutionNode = FALSE
	EndGlobalSection
	GlobalSection(ExtensibilityGlobals) = postSolution
		SolutionGuid = {C05AEBE8-2148-40DE-9F90-9C02C8DCA61E}
	EndGlobalSection
EndGlobal
